
Microsoft Visual Studio Solution File, Format Version 12.00
# Visual Studio Version 16
VisualStudioVersion = 16.0.31624.102
MinimumVisualStudioVersion = 10.0.40219.1
Project("{FAE04EC0-301F-11D3-BF4B-00C04F79EFBC}") = "Grafikus", "Grafikus\Grafikus.csproj", "{6848FDCC-8308-4642-921A-1BAA30CD8800}"
EndProject
Global
	GlobalSection(SolutionConfigurationPlatforms) = preSolution
		Debug|Any CPU = Debug|Any CPU
		Release|Any CPU = Release|Any CPU
	EndGlobalSection
	GlobalSection(ProjectConfigurationPlatforms) = postSolution
		{6848FDCC-8308-4642-921A-1BAA30CD8800}.Debug|Any CPU.ActiveCfg = Debug|Any CPU
		{6848FDCC-8308-4642-921A-1BAA30CD8800}.Debug|Any CPU.Build.0 = Debug|Any CPU
		{6848FDCC-8308-4642-921A-1BAA30CD8800}.Release|Any CPU.ActiveCfg = Release|Any CPU
		{6848FDCC-8308-4642-921A-1BAA30CD8800}.Release|Any CPU.Build.0 = Release|Any CPU
	EndGlobalSection
	GlobalSection(SolutionProperties) = preSolution
		HideSolutionNode = FALSE
	EndGlobalSection
	GlobalSection(ExtensibilityGlobals) = postSolution
		SolutionGuid = {82A41A38-E4FF-4D20-93E2-70E105908388}
	EndGlobalSection
EndGlobal
